Microsoft Visual Studio Solution File, Format Version 12.00
# Visual Studio Version 16
VisualStudioVersion = 16.0.0.0
MinimumVisualStudioVersion = 16.0.0.0
Project("{9A19103F-16F7-4668-BE54-9A1E7A4F7556}") = "Gestion.Server", "Server\Gestion.Server.csproj", "{0ECD8663-BE85-4616-9DE7-8F750C20E1D4}"
EndProject
Project("{9A19103F-16F7-4668-BE54-9A1E7A4F7556}") = "Gestion.Client", "Client\Gestion.Client.csproj", "{9A3FFC19-018E-4632-B972-B256F47B90F4}"
EndProject
Project("{9A19103F-16F7-4668-BE54-9A1E7A4F7556}") = "Gestion.Shared", "Shared\Gestion.Shared.csproj", "{B07203A7-19B2-4CC5-82E9-B362D177CDDE}"
EndProject
Global
	GlobalSection(SolutionConfigurationPlatforms) = preSolution
		Debug|Any CPU = Debug|Any CPU
		Debug|x64 = Debug|x64
		Debug|x86 = Debug|x86
		Release|Any CPU = Release|Any CPU
		Release|x64 = Release|x64
		Release|x86 = Release|x86
	EndGlobalSection
	GlobalSection(ProjectConfigurationPlatforms) = postSolution
		{9A3FFC19-018E-4632-B972-B256F47B90F4}.Debug|Any CPU.ActiveCfg = Debug|Any CPU
		{9A3FFC19-018E-4632-B972-B256F47B90F4}.Debug|Any CPU.Build.0 = Debug|Any CPU
		{9A3FFC19-018E-4632-B972-B256F47B90F4}.Debug|x64.ActiveCfg = Debug|Any CPU
		{9A3FFC19-018E-4632-B972-B256F47B90F4}.Debug|x64.Build.0 = Debug|Any CPU
		{9A3FFC19-018E-4632-B972-B256F47B90F4}.Debug|x86.ActiveCfg = Debug|Any CPU
		{9A3FFC19-018E-4632-B972-B256F47B90F4}.Debug|x86.Build.0 = Debug|Any CPU
		{9A3FFC19-018E-4632-B972-B256F47B90F4}.Release|Any CPU.ActiveCfg = Release|Any CPU
		{9A3FFC19-018E-4632-B972-B256F47B90F4}.Release|Any CPU.Build.0 = Release|Any CPU
		{9A3FFC19-018E-4632-B972-B256F47B90F4}.Release|x64.ActiveCfg = Release|Any CPU
		{9A3FFC19-018E-4632-B972-B256F47B90F4}.Release|x64.Build.0 = Release|Any CPU
		{9A3FFC19-018E-4632-B972-B256F47B90F4}.Release|x86.ActiveCfg = Release|Any CPU
		{9A3FFC19-018E-4632-B972-B256F47B90F4}.Release|x86.Build.0 = Release|Any CPU
		{0ECD8663-BE85-4616-9DE7-8F750C20E1D4}.Debug|Any CPU.ActiveCfg = Debug|Any CPU
		{0ECD8663-BE85-4616-9DE7-8F750C20E1D4}.Debug|Any CPU.Build.0 = Debug|Any CPU
		{0ECD8663-BE85-4616-9DE7-8F750C20E1D4}.Debug|x64.ActiveCfg = Debug|Any CPU
		{0ECD8663-BE85-4616-9DE7-8F750C20E1D4}.Debug|x64.Build.0 = Debug|Any CPU
		{0ECD8663-BE85-4616-9DE7-8F750C20E1D4}.Debug|x86.ActiveCfg = Debug|Any CPU
		{0ECD8663-BE85-4616-9DE7-8F750C20E1D4}.Debug|x86.Build.0 = Debug|Any CPU
		{0ECD8663-BE85-4616-9DE7-8F750C20E1D4}.Release|Any CPU.ActiveCfg = Release|Any CPU
		{0ECD8663-BE85-4616-9DE7-8F750C20E1D4}.Release|Any CPU.Build.0 = Release|Any CPU
		{0ECD8663-BE85-4616-9DE7-8F750C20E1D4}.Release|x64.ActiveCfg = Release|Any CPU
		{0ECD8663-BE85-4616-9DE7-8F750C20E1D4}.Release|x64.Build.0 = Release|Any CPU
		{0ECD8663-BE85-4616-9DE7-8F750C20E1D4}.Release|x86.ActiveCfg = Release|Any CPU
		{0ECD8663-BE85-4616-9DE7-8F750C20E1D4}.Release|x86.Build.0 = Release|Any CPU
		{B07203A7-19B2-4CC5-82E9-B362D177CDDE}.Debug|Any CPU.ActiveCfg = Debug|Any CPU
		{B07203A7-19B2-4CC5-82E9-B362D177CDDE}.Debug|Any CPU.Build.0 = Debug|Any CPU
		{B07203A7-19B2-4CC5-82E9-B362D177CDDE}.Debug|x64.ActiveCfg = Debug|Any CPU
		{B07203A7-19B2-4CC5-82E9-B362D177CDDE}.Debug|x64.Build.0 = Debug|Any CPU
		{B07203A7-19B2-4CC5-82E9-B362D177CDDE}.Debug|x86.ActiveCfg = Debug|Any CPU
		{B07203A7-19B2-4CC5-82E9-B362D177CDDE}.Debug|x86.Build.0 = Debug|Any CPU
		{B07203A7-19B2-4CC5-82E9-B362D177CDDE}.Release|Any CPU.ActiveCfg = Release|Any CPU
		{B07203A7-19B2-4CC5-82E9-B362D177CDDE}.Release|Any CPU.Build.0 = Release|Any CPU
		{B07203A7-19B2-4CC5-82E9-B362D177CDDE}.Release|x64.ActiveCfg = Release|Any CPU
		{B07203A7-19B2-4CC5-82E9-B362D177CDDE}.Release|x64.Build.0 = Release|Any CPU
		{B07203A7-19B2-4CC5-82E9-B362D177CDDE}.Release|x86.ActiveCfg = Release|Any CPU
		{B07203A7-19B2-4CC5-82E9-B362D177CDDE}.Release|x86.Build.0 = Release|Any CPU
	EndGlobalSection
	GlobalSection(SolutionProperties) = preSolution
		HideSolutionNode = FALSE
	EndGlobalSection
	GlobalSection(ExtensibilityGlobals) = postSolution
		SolutionGuid = {629A0216-BA1B-4784-96A6-D2CDC88FF193}
	EndGlobalSection
EndGlobal